
Microsoft Visual Studio Solution File, Format Version 12.00
# Visual Studio Version 17
VisualStudioVersion = 17.14.36603.0 d17.14
MinimumVisualStudioVersion = 10.0.40219.1
Project("{FAE04EC0-301F-11D3-BF4B-00C04F79EFBC}") = "Maze", "Maze.csproj", "{DD1ADFEC-1B9D-407D-A5E4-62F1272683DF}"
EndProject
Global
	GlobalSection(SolutionConfigurationPlatforms) = preSolution
		Debug|Any CPU = Debug|Any CPU
		Release|Any CPU = Release|Any CPU
	EndGlobalSection
	GlobalSection(ProjectConfigurationPlatforms) = postSolution
		{DD1ADFEC-1B9D-407D-A5E4-62F1272683DF}.Debug|Any CPU.ActiveCfg = Debug|Any CPU
		{DD1ADFEC-1B9D-407D-A5E4-62F1272683DF}.Debug|Any CPU.Build.0 = Debug|Any CPU
		{DD1ADFEC-1B9D-407D-A5E4-62F1272683DF}.Release|Any CPU.ActiveCfg = Release|Any CPU
		{DD1ADFEC-1B9D-407D-A5E4-62F1272683DF}.Release|Any CPU.Build.0 = Release|Any CPU
	EndGlobalSection
	GlobalSection(SolutionProperties) = preSolution
		HideSolutionNode = FALSE
	EndGlobalSection
	GlobalSection(ExtensibilityGlobals) = postSolution
		SolutionGuid = {F99B751D-F35A-4963-96B3-53A824E9869D}
	EndGlobalSection
EndGlobal
